
Microsoft Visual Studio Solution File, Format Version 12.00
# Visual Studio Version 17
VisualStudioVersion = 17.4.33205.214
MinimumVisualStudioVersion = 10.0.40219.1
Project("{9A19103F-16F7-4668-BE54-9A1E7A4F7556}") = "day-1", "day-1\day-1\day-1.csproj", "{66E767FA-9C85-4A0B-8778-BB924F0E56C3}"
EndProject
Project("{9A19103F-16F7-4668-BE54-9A1E7A4F7556}") = "Day-4", "Day-4\Day-4.csproj", "{CB018C36-80F3-454F-8EEC-82C83268C9E5}"
EndProject
Project("{9A19103F-16F7-4668-BE54-9A1E7A4F7556}") = "Day-5", "Day-5\Day-5.csproj", "{1E039619-EA1F-4034-B360-7860B2E47030}"
EndProject
Project("{FAE04EC0-301F-11D3-BF4B-00C04F79EFBC}") = "Day-6", "Day-6\Day-6.csproj", "{D11CC0B8-C3C2-4AD1-8513-C48C9CFCE799}"
EndProject
Global
	GlobalSection(SolutionConfigurationPlatforms) = preSolution
		Debug|Any CPU = Debug|Any CPU
		Release|Any CPU = Release|Any CPU
	EndGlobalSection
	GlobalSection(ProjectConfigurationPlatforms) = postSolution
		{66E767FA-9C85-4A0B-8778-BB924F0E56C3}.Debug|Any CPU.ActiveCfg = Debug|Any CPU
		{66E767FA-9C85-4A0B-8778-BB924F0E56C3}.Debug|Any CPU.Build.0 = Debug|Any CPU
		{66E767FA-9C85-4A0B-8778-BB924F0E56C3}.Release|Any CPU.ActiveCfg = Release|Any CPU
		{66E767FA-9C85-4A0B-8778-BB924F0E56C3}.Release|Any CPU.Build.0 = Release|Any CPU
		{CB018C36-80F3-454F-8EEC-82C83268C9E5}.Debug|Any CPU.ActiveCfg = Debug|Any CPU
		{CB018C36-80F3-454F-8EEC-82C83268C9E5}.Debug|Any CPU.Build.0 = Debug|Any CPU
		{CB018C36-80F3-454F-8EEC-82C83268C9E5}.Release|Any CPU.ActiveCfg = Release|Any CPU
		{CB018C36-80F3-454F-8EEC-82C83268C9E5}.Release|Any CPU.Build.0 = Release|Any CPU
		{1E039619-EA1F-4034-B360-7860B2E47030}.Debug|Any CPU.ActiveCfg = Debug|Any CPU
		{1E039619-EA1F-4034-B360-7860B2E47030}.Debug|Any CPU.Build.0 = Debug|Any CPU
		{1E039619-EA1F-4034-B360-7860B2E47030}.Release|Any CPU.ActiveCfg = Release|Any CPU
		{1E039619-EA1F-4034-B360-7860B2E47030}.Release|Any CPU.Build.0 = Release|Any CPU
		{D11CC0B8-C3C2-4AD1-8513-C48C9CFCE799}.Debug|Any CPU.ActiveCfg = Debug|Any CPU
		{D11CC0B8-C3C2-4AD1-8513-C48C9CFCE799}.Debug|Any CPU.Build.0 = Debug|Any CPU
		{D11CC0B8-C3C2-4AD1-8513-C48C9CFCE799}.Release|Any CPU.ActiveCfg = Release|Any CPU
		{D11CC0B8-C3C2-4AD1-8513-C48C9CFCE799}.Release|Any CPU.Build.0 = Release|Any CPU
	EndGlobalSection
	GlobalSection(SolutionProperties) = preSolution
		HideSolutionNode = FALSE
	EndGlobalSection
	GlobalSection(ExtensibilityGlobals) = postSolution
		SolutionGuid = {8F5DE192-7FE7-45B9-B4EA-BA02B33F6D44}
	EndGlobalSection
EndGlobal
